
Microsoft Visual Studio Solution File, Format Version 12.00
# Visual Studio 14
VisualStudioVersion = 14.0.24720.0
MinimumVisualStudioVersion = 10.0.40219.1
Project("{FAE04EC0-301F-11D3-BF4B-00C04F79EFBC}") = "AdventOfCode2015", "AdventOfCode2015.csproj", "{67663AFE-3CB7-4A23-A778-0A885AE46D21}"
EndProject
Project("{FAE04EC0-301F-11D3-BF4B-00C04F79EFBC}") = "AdventOfCode2015UnitTests", "AdventOfCode2015UnitTests\AdventOfCode2015UnitTests.csproj", "{CFF5D255-2708-4C84-8CB5-C6861905DF06}"
EndProject
Project("{2150E333-8FDC-42A3-9474-1A3956D46DE8}") = "Solution Items", "Solution Items", "{0F29CCBA-CF36-44BF-85B2-DA83807E77F8}"
	ProjectSection(SolutionItems) = preProject
		LICENSE = LICENSE
		README.md = README.md
	EndProjectSection
EndProject
Project("{2150E333-8FDC-42A3-9474-1A3956D46DE8}") = "inputs", "inputs", "{850C8751-562A-4945-A395-83109715644C}"
	ProjectSection(SolutionItems) = preProject
		.travis.yml = .travis.yml
		day05.txt = day05.txt
		day06.txt = day06.txt
		day07.part2.txt = day07.part2.txt
		day07.txt = day07.txt
		day08.txt = day08.txt
		day12.txt = day12.txt
		day14.txt = day14.txt
		Day19.txt = Day19.txt
		day23.txt = day23.txt
	EndProjectSection
EndProject
Global
	GlobalSection(SolutionConfigurationPlatforms) = preSolution
		Debug|Any CPU = Debug|Any CPU
		Release|Any CPU = Release|Any CPU
	EndGlobalSection
	GlobalSection(ProjectConfigurationPlatforms) = postSolution
		{67663AFE-3CB7-4A23-A778-0A885AE46D21}.Debug|Any CPU.ActiveCfg = Debug|Any CPU
		{67663AFE-3CB7-4A23-A778-0A885AE46D21}.Debug|Any CPU.Build.0 = Debug|Any CPU
		{67663AFE-3CB7-4A23-A778-0A885AE46D21}.Release|Any CPU.ActiveCfg = Release|Any CPU
		{67663AFE-3CB7-4A23-A778-0A885AE46D21}.Release|Any CPU.Build.0 = Release|Any CPU
		{CFF5D255-2708-4C84-8CB5-C6861905DF06}.Debug|Any CPU.ActiveCfg = Debug|Any CPU
		{CFF5D255-2708-4C84-8CB5-C6861905DF06}.Debug|Any CPU.Build.0 = Debug|Any CPU
		{CFF5D255-2708-4C84-8CB5-C6861905DF06}.Release|Any CPU.ActiveCfg = Release|Any CPU
		{CFF5D255-2708-4C84-8CB5-C6861905DF06}.Release|Any CPU.Build.0 = Release|Any CPU
	EndGlobalSection
	GlobalSection(SolutionProperties) = preSolution
		HideSolutionNode = FALSE
	EndGlobalSection
	GlobalSection(NestedProjects) = preSolution
		{850C8751-562A-4945-A395-83109715644C} = {0F29CCBA-CF36-44BF-85B2-DA83807E77F8}
	EndGlobalSection
EndGlobal
